
Microsoft Visual Studio Solution File, Format Version 12.00
# Visual Studio Version 17
VisualStudioVersion = 17.13.35931.197
MinimumVisualStudioVersion = 10.0.40219.1
Project("{FAE04EC0-301F-11D3-BF4B-00C04F79EFBC}") = "ArrayMinElement", "ArrayMinElement\ArrayMinElement.csproj", "{2DAA0D3E-3B0C-9C2D-C577-B98AF79B4333}"
EndProject
Project("{FAE04EC0-301F-11D3-BF4B-00C04F79EFBC}") = "FibonacciSeries", "FibonacciSeries\FibonacciSeries.csproj", "{0D20657E-9B25-FA37-CCFF-9E4197106AC3}"
EndProject
Project("{FAE04EC0-301F-11D3-BF4B-00C04F79EFBC}") = "FizzBuzz", "FizzBuzz\FizzBuzz.csproj", "{219CE0B7-1C81-6150-BBFB-ADEA880ED01E}"
EndProject
Project("{FAE04EC0-301F-11D3-BF4B-00C04F79EFBC}") = "PalindromeString", "PalindromeString\PalindromeString.csproj", "{147735A4-9DDE-8490-4F21-709C5215AD4D}"
EndProject
Project("{FAE04EC0-301F-11D3-BF4B-00C04F79EFBC}") = "PrimeNumberSeries", "PrimeNumberSeries\PrimeNumberSeries.csproj", "{7DD8F034-037F-93FE-CADD-DCF24B7B491D}"
EndProject
Project("{FAE04EC0-301F-11D3-BF4B-00C04F79EFBC}") = "Tests", "Tests\Tests.csproj", "{61B36A70-CA7B-4138-8307-A03274926DBA}"
EndProject
Project("{FAE04EC0-301F-11D3-BF4B-00C04F79EFBC}") = "StringDuplicates", "StringDuplicates\StringDuplicates.csproj", "{4D19785B-7042-567E-C6E5-4F736A41B1DA}"
EndProject
Global
	GlobalSection(SolutionConfigurationPlatforms) = preSolution
		Debug|Any CPU = Debug|Any CPU
		Release|Any CPU = Release|Any CPU
	EndGlobalSection
	GlobalSection(ProjectConfigurationPlatforms) = postSolution
		{2DAA0D3E-3B0C-9C2D-C577-B98AF79B4333}.Debug|Any CPU.ActiveCfg = Debug|Any CPU
		{2DAA0D3E-3B0C-9C2D-C577-B98AF79B4333}.Debug|Any CPU.Build.0 = Debug|Any CPU
		{2DAA0D3E-3B0C-9C2D-C577-B98AF79B4333}.Release|Any CPU.ActiveCfg = Release|Any CPU
		{2DAA0D3E-3B0C-9C2D-C577-B98AF79B4333}.Release|Any CPU.Build.0 = Release|Any CPU
		{0D20657E-9B25-FA37-CCFF-9E4197106AC3}.Debug|Any CPU.ActiveCfg = Debug|Any CPU
		{0D20657E-9B25-FA37-CCFF-9E4197106AC3}.Debug|Any CPU.Build.0 = Debug|Any CPU
		{0D20657E-9B25-FA37-CCFF-9E4197106AC3}.Release|Any CPU.ActiveCfg = Release|Any CPU
		{0D20657E-9B25-FA37-CCFF-9E4197106AC3}.Release|Any CPU.Build.0 = Release|Any CPU
		{219CE0B7-1C81-6150-BBFB-ADEA880ED01E}.Debug|Any CPU.ActiveCfg = Debug|Any CPU
		{219CE0B7-1C81-6150-BBFB-ADEA880ED01E}.Debug|Any CPU.Build.0 = Debug|Any CPU
		{219CE0B7-1C81-6150-BBFB-ADEA880ED01E}.Release|Any CPU.ActiveCfg = Release|Any CPU
		{219CE0B7-1C81-6150-BBFB-ADEA880ED01E}.Release|Any CPU.Build.0 = Release|Any CPU
		{147735A4-9DDE-8490-4F21-709C5215AD4D}.Debug|Any CPU.ActiveCfg = Debug|Any CPU
		{147735A4-9DDE-8490-4F21-709C5215AD4D}.Debug|Any CPU.Build.0 = Debug|Any CPU
		{147735A4-9DDE-8490-4F21-709C5215AD4D}.Release|Any CPU.ActiveCfg = Release|Any CPU
		{147735A4-9DDE-8490-4F21-709C5215AD4D}.Release|Any CPU.Build.0 = Release|Any CPU
		{7DD8F034-037F-93FE-CADD-DCF24B7B491D}.Debug|Any CPU.ActiveCfg = Debug|Any CPU
		{7DD8F034-037F-93FE-CADD-DCF24B7B491D}.Debug|Any CPU.Build.0 = Debug|Any CPU
		{7DD8F034-037F-93FE-CADD-DCF24B7B491D}.Release|Any CPU.ActiveCfg = Release|Any CPU
		{7DD8F034-037F-93FE-CADD-DCF24B7B491D}.Release|Any CPU.Build.0 = Release|Any CPU
		{61B36A70-CA7B-4138-8307-A03274926DBA}.Debug|Any CPU.ActiveCfg = Debug|Any CPU
		{61B36A70-CA7B-4138-8307-A03274926DBA}.Debug|Any CPU.Build.0 = Debug|Any CPU
		{61B36A70-CA7B-4138-8307-A03274926DBA}.Release|Any CPU.ActiveCfg = Release|Any CPU
		{61B36A70-CA7B-4138-8307-A03274926DBA}.Release|Any CPU.Build.0 = Release|Any CPU
		{4D19785B-7042-567E-C6E5-4F736A41B1DA}.Debug|Any CPU.ActiveCfg = Debug|Any CPU
		{4D19785B-7042-567E-C6E5-4F736A41B1DA}.Debug|Any CPU.Build.0 = Debug|Any CPU
		{4D19785B-7042-567E-C6E5-4F736A41B1DA}.Release|Any CPU.ActiveCfg = Release|Any CPU
		{4D19785B-7042-567E-C6E5-4F736A41B1DA}.Release|Any CPU.Build.0 = Release|Any CPU
	EndGlobalSection
	GlobalSection(SolutionProperties) = preSolution
		HideSolutionNode = FALSE
	EndGlobalSection
	GlobalSection(ExtensibilityGlobals) = postSolution
		SolutionGuid = {E8BB3B06-5ED3-4DE9-AB4C-9240E3859F3A}
	EndGlobalSection
EndGlobal
